
Microsoft Visual Studio Solution File, Format Version 12.00
# Visual Studio Version 17
VisualStudioVersion = 17.4.33122.133
MinimumVisualStudioVersion = 10.0.40219.1
Project("{FAE04EC0-301F-11D3-BF4B-00C04F79EFBC}") = "lab3-6", "lab3-6\lab3-6.csproj", "{421477EC-18F5-487F-BEB1-120610B27F33}"
EndProject
Global
	GlobalSection(SolutionConfigurationPlatforms) = preSolution
		Debug|Any CPU = Debug|Any CPU
		Release|Any CPU = Release|Any CPU
	EndGlobalSection
	GlobalSection(ProjectConfigurationPlatforms) = postSolution
		{421477EC-18F5-487F-BEB1-120610B27F33}.Debug|Any CPU.ActiveCfg = Debug|Any CPU
		{421477EC-18F5-487F-BEB1-120610B27F33}.Debug|Any CPU.Build.0 = Debug|Any CPU
		{421477EC-18F5-487F-BEB1-120610B27F33}.Release|Any CPU.ActiveCfg = Release|Any CPU
		{421477EC-18F5-487F-BEB1-120610B27F33}.Release|Any CPU.Build.0 = Release|Any CPU
	EndGlobalSection
	GlobalSection(SolutionProperties) = preSolution
		HideSolutionNode = FALSE
	EndGlobalSection
	GlobalSection(ExtensibilityGlobals) = postSolution
		SolutionGuid = {2FB4530A-DD70-422B-B01F-390CC7B30B11}
	EndGlobalSection
EndGlobal
